{
  "pins" : [
    {
      "identity" : "fxpagecontrol",
      "kind" : "remoteSourceControl",
      "location" : "https://github.com/Climbatize/FXPageControl.git",
      "state" : {
        "revision" : "83486601bcf23c0f168e2cce71b5cc42202fa484",
        "version" : "1.5.5"
      }
    }
  ],
  "version" : 2
}
